// !$*UTF8*$!
{
	archiveVersion = 1;
	classes = {
	};
	objectVersion = 55;
	objects = {

/* Begin PBXBuildFile section */
		2CD287FC279670820003E968 /* AppDelegate.swift in Sources */ = {isa = PBXBuildFile; fileRef = 2CD287FB279670820003E968 /* AppDelegate.swift */; };
		2CD28800279670820003E968 /* ViewController.swift in Sources */ = {isa = PBXBuildFile; fileRef = 2CD287FF279670820003E968 /* ViewController.swift */; };
		2CD28803279670820003E968 /* Main.storyboard in Resources */ = {isa = PBXBuildFile; fileRef = 2CD28801279670820003E968 /* Main.storyboard */; };
		2CD28805279670840003E968 /* Assets.xcassets in Resources */ = {isa = PBXBuildFile; fileRef = 2CD28804279670840003E968 /* Assets.xcassets */; };
		2CD28808279670840003E968 /* LaunchScreen.storyboard in Resources */ = {isa = PBXBuildFile; fileRef = 2CD28806279670840003E968 /* LaunchScreen.storyboard */; };
		2CD288152796735C0003E968 /* MainTabBarPresenter.swift in Sources */ = {isa = PBXBuildFile; fileRef = 2CD288112796735C0003E968 /* MainTabBarPresenter.swift */; };
		2CD288162796735C0003E968 /* MainTabBarInteractor.swift in Sources */ = {isa = PBXBuildFile; fileRef = 2CD288122796735C0003E968 /* MainTabBarInteractor.swift */; };
		2CD288172796735C0003E968 /* MainTabBarView.swift in Sources */ = {isa = PBXBuildFile; fileRef = 2CD288132796735C0003E968 /* MainTabBarView.swift */; };
		2CD288182796735C0003E968 /* MainTabBarVC.swift in Sources */ = {isa = PBXBuildFile; fileRef = 2CD288142796735C0003E968 /* MainTabBarVC.swift */; };
		2CD2881B279673800003E968 /* BaseVC.swift in Sources */ = {isa = PBXBuildFile; fileRef = 2CD2881A279673800003E968 /* BaseVC.swift */; };
		2CD2881D279673AC0003E968 /* StatusApi.swift in Sources */ = {isa = PBXBuildFile; fileRef = 2CD2881C279673AC0003E968 /* StatusApi.swift */; };
		2CD28825279675420003E968 /* HomePresenter.swift in Sources */ = {isa = PBXBuildFile; fileRef = 2CD28821279675420003E968 /* HomePresenter.swift */; };
		2CD28826279675420003E968 /* HomeInteractor.swift in Sources */ = {isa = PBXBuildFile; fileRef = 2CD28822279675420003E968 /* HomeInteractor.swift */; };
		2CD28827279675420003E968 /* HomeView.swift in Sources */ = {isa = PBXBuildFile; fileRef = 2CD28823279675420003E968 /* HomeView.swift */; };
		2CD28828279675420003E968 /* HomeVC.swift in Sources */ = {isa = PBXBuildFile; fileRef = 2CD28824279675420003E968 /* HomeVC.swift */; };
		2CD2882A2796760D0003E968 /* Extensions.swift in Sources */ = {isa = PBXBuildFile; fileRef = 2CD288292796760D0003E968 /* Extensions.swift */; };
/* End PBXBuildFile section */

/* Begin PBXFileReference section */
		2CD287F8279670820003E968 /* Library.app */ = {isa = PBXFileReference; explicitFileType = wrapper.application; includeInIndex = 0; path = Library.app; sourceTree = BUILT_PRODUCTS_DIR; };
		2CD287FB279670820003E968 /* AppDelegate.swift */ = {isa = PBXFileReference; lastKnownFileType = sourcecode.swift; path = AppDelegate.swift; sourceTree = "<group>"; };
		2CD287FF279670820003E968 /* ViewController.swift */ = {isa = PBXFileReference; lastKnownFileType = sourcecode.swift; path = ViewController.swift; sourceTree = "<group>"; };
		2CD28802279670820003E968 /* Base */ = {isa = PBXFileReference; lastKnownFileType = file.storyboard; name = Base; path = Base.lproj/Main.storyboard; sourceTree = "<group>"; };
		2CD28804279670840003E968 /* Assets.xcassets */ = {isa = PBXFileReference; lastKnownFileType = folder.assetcatalog; path = Assets.xcassets; sourceTree = "<group>"; };
		2CD28807279670840003E968 /* Base */ = {isa = PBXFileReference; lastKnownFileType = file.storyboard; name = Base; path = Base.lproj/LaunchScreen.storyboard; sourceTree = "<group>"; };
		2CD28809279670840003E968 /* Info.plist */ = {isa = PBXFileReference; lastKnownFileType = text.plist.xml; path = Info.plist; sourceTree = "<group>"; };
		2CD288112796735C0003E968 /* MainTabBarPresenter.swift */ = {isa = PBXFileReference; lastKnownFileType = sourcecode.swift; path = MainTabBarPresenter.swift; sourceTree = "<group>"; };
		2CD288122796735C0003E968 /* MainTabBarInteractor.swift */ = {isa = PBXFileReference; lastKnownFileType = sourcecode.swift; path = MainTabBarInteractor.swift; sourceTree = "<group>"; };
		2CD288132796735C0003E968 /* MainTabBarView.swift */ = {isa = PBXFileReference; lastKnownFileType = sourcecode.swift; path = MainTabBarView.swift; sourceTree = "<group>"; };
		2CD288142796735C0003E968 /* MainTabBarVC.swift */ = {isa = PBXFileReference; lastKnownFileType = sourcecode.swift; path = MainTabBarVC.swift; sourceTree = "<group>"; };
		2CD2881A279673800003E968 /* BaseVC.swift */ = {isa = PBXFileReference; lastKnownFileType = sourcecode.swift; path = BaseVC.swift; sourceTree = "<group>"; };
		2CD2881C279673AC0003E968 /* StatusApi.swift */ = {isa = PBXFileReference; lastKnownFileType = sourcecode.swift; path = StatusApi.swift; sourceTree = "<group>"; };
		2CD28821279675420003E968 /* HomePresenter.swift */ = {isa = PBXFileReference; lastKnownFileType = sourcecode.swift; path = HomePresenter.swift; sourceTree = "<group>"; };
		2CD28822279675420003E968 /* HomeInteractor.swift */ = {isa = PBXFileReference; lastKnownFileType = sourcecode.swift; path = HomeInteractor.swift; sourceTree = "<group>"; };
		2CD28823279675420003E968 /* HomeView.swift */ = {isa = PBXFileReference; lastKnownFileType = sourcecode.swift; path = HomeView.swift; sourceTree = "<group>"; };
		2CD28824279675420003E968 /* HomeVC.swift */ = {isa = PBXFileReference; lastKnownFileType = sourcecode.swift; path = HomeVC.swift; sourceTree = "<group>"; };
		2CD288292796760D0003E968 /* Extensions.swift */ = {isa = PBXFileReference; lastKnownFileType = sourcecode.swift; path = Extensions.swift; sourceTree = "<group>"; };
/* End PBXFileReference section */

/* Begin PBXFrameworksBuildPhase section */
		2CD287F5279670820003E968 /* Frameworks */ = {
			isa = PBXFrameworksBuildPhase;
			buildActionMask = 2147483647;
			files = (
			);
			runOnlyForDeploymentPostprocessing = 0;
		};
/* End PBXFrameworksBuildPhase section */

/* Begin PBXGroup section */
		2CD287EF279670820003E968 = {
			isa = PBXGroup;
			children = (
				2CD287FA279670820003E968 /* Library */,
				2CD287F9279670820003E968 /* Products */,
			);
			sourceTree = "<group>";
		};
		2CD287F9279670820003E968 /* Products */ = {
			isa = PBXGroup;
			children = (
				2CD287F8279670820003E968 /* Library.app */,
			);
			name = Products;
			sourceTree = "<group>";
		};
		2CD287FA279670820003E968 /* Library */ = {
			isa = PBXGroup;
			children = (
				2CD28819279673640003E968 /* Utitlites */,
				2CD2880F279670F30003E968 /* Scenes */,
				2CD287FB279670820003E968 /* AppDelegate.swift */,
				2CD287FF279670820003E968 /* ViewController.swift */,
				2CD28801279670820003E968 /* Main.storyboard */,
				2CD28804279670840003E968 /* Assets.xcassets */,
				2CD28806279670840003E968 /* LaunchScreen.storyboard */,
				2CD28809279670840003E968 /* Info.plist */,
			);
			path = Library;
			sourceTree = "<group>";
		};
		2CD2880F279670F30003E968 /* Scenes */ = {
			isa = PBXGroup;
			children = (
				2CD2881E2796752C0003E968 /* Home */,
				2CD288102796733F0003E968 /* MainTabBar */,
			);
			path = Scenes;
			sourceTree = "<group>";
		};
		2CD288102796733F0003E968 /* MainTabBar */ = {
			isa = PBXGroup;
			children = (
				2CD288112796735C0003E968 /* MainTabBarPresenter.swift */,
				2CD288122796735C0003E968 /* MainTabBarInteractor.swift */,
				2CD288132796735C0003E968 /* MainTabBarView.swift */,
				2CD288142796735C0003E968 /* MainTabBarVC.swift */,
			);
			path = MainTabBar;
			sourceTree = "<group>";
		};
		2CD28819279673640003E968 /* Utitlites */ = {
			isa = PBXGroup;
			children = (
				2CD2881A279673800003E968 /* BaseVC.swift */,
				2CD2881C279673AC0003E968 /* StatusApi.swift */,
				2CD288292796760D0003E968 /* Extensions.swift */,
			);
			path = Utitlites;
			sourceTree = "<group>";
		};
		2CD2881E2796752C0003E968 /* Home */ = {
			isa = PBXGroup;
			children = (
				2CD28821279675420003E968 /* HomePresenter.swift */,
				2CD28822279675420003E968 /* HomeInteractor.swift */,
				2CD28823279675420003E968 /* HomeView.swift */,
				2CD28824279675420003E968 /* HomeVC.swift */,
			);
			path = Home;
			sourceTree = "<group>";
		};
/* End PBXGroup section */

/* Begin PBXNativeTarget section */
		2CD287F7279670820003E968 /* Library */ = {
			isa = PBXNativeTarget;
			buildConfigurationList = 2CD2880C279670840003E968 /* Build configuration list for PBXNativeTarget "Library" */;
			buildPhases = (
				2CD287F4279670820003E968 /* Sources */,
				2CD287F5279670820003E968 /* Frameworks */,
				2CD287F6279670820003E968 /* Resources */,
			);
			buildRules = (
			);
			dependencies = (
			);
			name = Library;
			productName = Library;
			productReference = 2CD287F8279670820003E968 /* Library.app */;
			productType = "com.apple.product-type.application";
		};
/* End PBXNativeTarget section */

/* Begin PBXProject section */
		2CD287F0279670820003E968 /* Project object */ = {
			isa = PBXProject;
			attributes = {
				BuildIndependentTargetsInParallel = 1;
				LastSwiftUpdateCheck = 1320;
				LastUpgradeCheck = 1320;
				TargetAttributes = {
					2CD287F7279670820003E968 = {
						CreatedOnToolsVersion = 13.2.1;
					};
				};
			};
			buildConfigurationList = 2CD287F3279670820003E968 /* Build configuration list for PBXProject "Library" */;
			compatibilityVersion = "Xcode 13.0";
			developmentRegion = en;
			hasScannedForEncodings = 0;
			knownRegions = (
				en,
				Base,
			);
			mainGroup = 2CD287EF279670820003E968;
			productRefGroup = 2CD287F9279670820003E968 /* Products */;
			projectDirPath = "";
			projectRoot = "";
			targets = (
				2CD287F7279670820003E968 /* Library */,
			);
		};
/* End PBXProject section */

/* Begin PBXResourcesBuildPhase section */
		2CD287F6279670820003E968 /* Resources */ = {
			isa = PBXResourcesBuildPhase;
			buildActionMask = 2147483647;
			files = (
				2CD28808279670840003E968 /* LaunchScreen.storyboard in Resources */,
				2CD28805279670840003E968 /* Assets.xcassets in Resources */,
				2CD28803279670820003E968 /* Main.storyboard in Resources */,
			);
			runOnlyForDeploymentPostprocessing = 0;
		};
/* End PBXResourcesBuildPhase section */

/* Begin PBXSourcesBuildPhase section */
		2CD287F4279670820003E968 /* Sources */ = {
			isa = PBXSourcesBuildPhase;
			buildActionMask = 2147483647;
			files = (
				2CD2881D279673AC0003E968 /* StatusApi.swift in Sources */,
				2CD288172796735C0003E968 /* MainTabBarView.swift in Sources */,
				2CD288182796735C0003E968 /* MainTabBarVC.swift in Sources */,
				2CD28826279675420003E968 /* HomeInteractor.swift in Sources */,
				2CD28800279670820003E968 /* ViewController.swift in Sources */,
				2CD28827279675420003E968 /* HomeView.swift in Sources */,
				2CD288162796735C0003E968 /* MainTabBarInteractor.swift in Sources */,
				2CD287FC279670820003E968 /* AppDelegate.swift in Sources */,
				2CD2882A2796760D0003E968 /* Extensions.swift in Sources */,
				2CD28825279675420003E968 /* HomePresenter.swift in Sources */,
				2CD28828279675420003E968 /* HomeVC.swift in Sources */,
				2CD2881B279673800003E968 /* BaseVC.swift in Sources */,
				2CD288152796735C0003E968 /* MainTabBarPresenter.swift in Sources */,
			);
			runOnlyForDeploymentPostprocessing = 0;
		};
/* End PBXSourcesBuildPhase section */

/* Begin PBXVariantGroup section */
		2CD28801279670820003E968 /* Main.storyboard */ = {
			isa = PBXVariantGroup;
			children = (
				2CD28802279670820003E968 /* Base */,
			);
			name = Main.storyboard;
			sourceTree = "<group>";
		};
		2CD28806279670840003E968 /* LaunchScreen.storyboard */ = {
			isa = PBXVariantGroup;
			children = (
				2CD28807279670840003E968 /* Base */,
			);
			name = LaunchScreen.storyboard;
			sourceTree = "<group>";
		};
/* End PBXVariantGroup section */

/* Begin XCBuildConfiguration section */
		2CD2880A279670840003E968 /* Debug */ = {
			isa = XCBuildConfiguration;
			buildSettings = {
				ALWAYS_SEARCH_USER_PATHS = NO;
				CLANG_ANALYZER_NONNULL = YES;
				CLANG_ANALYZER_NUMBER_OBJECT_CONVERSION = YES_AGGRESSIVE;
				CLANG_CXX_LANGUAGE_STANDARD = "gnu++17";
				CLANG_CXX_LIBRARY = "libc++";
				CLANG_ENABLE_MODULES = YES;
				CLANG_ENABLE_OBJC_ARC = YES;
				CLANG_ENABLE_OBJC_WEAK = YES;
				CLANG_WARN_BLOCK_CAPTURE_AUTORELEASING = YES;
				CLANG_WARN_BOOL_CONVERSION = YES;
				CLANG_WARN_COMMA = YES;
				CLANG_WARN_CONSTANT_CONVERSION = YES;
				CLANG_WARN_DEPRECATED_OBJC_IMPLEMENTATIONS = YES;
				CLANG_WARN_DIRECT_OBJC_ISA_USAGE = YES_ERROR;
				CLANG_WARN_DOCUMENTATION_COMMENTS = YES;
				CLANG_WARN_EMPTY_BODY = YES;
				CLANG_WARN_ENUM_CONVERSION = YES;
				CLANG_WARN_INFINITE_RECURSION = YES;
				CLANG_WARN_INT_CONVERSION = YES;
				CLANG_WARN_NON_LITERAL_NULL_CONVERSION = YES;
				CLANG_WARN_OBJC_IMPLICIT_RETAIN_SELF = YES;
				CLANG_WARN_OBJC_LITERAL_CONVERSION = YES;
				CLANG_WARN_OBJC_ROOT_CLASS = YES_ERROR;
				CLANG_WARN_QUOTED_INCLUDE_IN_FRAMEWORK_HEADER = YES;
				CLANG_WARN_RANGE_LOOP_ANALYSIS = YES;
				CLANG_WARN_STRICT_PROTOTYPES = YES;
				CLANG_WARN_SUSPICIOUS_MOVE = YES;
				CLANG_WARN_UNGUARDED_AVAILABILITY = YES_AGGRESSIVE;
				CLANG_WARN_UNREACHABLE_CODE = YES;
				CLANG_WARN__DUPLICATE_METHOD_MATCH = YES;
				COPY_PHASE_STRIP = NO;
				DEBUG_INFORMATION_FORMAT = dwarf;
				ENABLE_STRICT_OBJC_MSGSEND = YES;
				ENABLE_TESTABILITY = YES;
				GCC_C_LANGUAGE_STANDARD = gnu11;
				GCC_DYNAMIC_NO_PIC = NO;
				GCC_NO_COMMON_BLOCKS = YES;
				GCC_OPTIMIZATION_LEVEL = 0;
				GCC_PREPROCESSOR_DEFINITIONS = (
					"DEBUG=1",
					"$(inherited)",
				);
				GCC_WARN_64_TO_32_BIT_CONVERSION = YES;
				GCC_WARN_ABOUT_RETURN_TYPE = YES_ERROR;
				GCC_WARN_UNDECLARED_SELECTOR = YES;
				GCC_WARN_UNINITIALIZED_AUTOS = YES_AGGRESSIVE;
				GCC_WARN_UNUSED_FUNCTION = YES;
				GCC_WARN_UNUSED_VARIABLE = YES;
				IPHONEOS_DEPLOYMENT_TARGET = 15.2;
				MTL_ENABLE_DEBUG_INFO = INCLUDE_SOURCE;
				MTL_FAST_MATH = YES;
				ONLY_ACTIVE_ARCH = YES;
				SDKROOT = iphoneos;
				SWIFT_ACTIVE_COMPILATION_CONDITIONS = DEBUG;
				SWIFT_OPTIMIZATION_LEVEL = "-Onone";
			};
			name = Debug;
		};
		2CD2880B279670840003E968 /* Release */ = {
			isa = XCBuildConfiguration;
			buildSettings = {
				ALWAYS_SEARCH_USER_PATHS = NO;
				CLANG_ANALYZER_NONNULL = YES;
				CLANG_ANALYZER_NUMBER_OBJECT_CONVERSION = YES_AGGRESSIVE;
				CLANG_CXX_LANGUAGE_STANDARD = "gnu++17";
				CLANG_CXX_LIBRARY = "libc++";
				CLANG_ENABLE_MODULES = YES;
				CLANG_ENABLE_OBJC_ARC = YES;
				CLANG_ENABLE_OBJC_WEAK = YES;
				CLANG_WARN_BLOCK_CAPTURE_AUTORELEASING = YES;
				CLANG_WARN_BOOL_CONVERSION = YES;
				CLANG_WARN_COMMA = YES;
				CLANG_WARN_CONSTANT_CONVERSION = YES;
				CLANG_WARN_DEPRECATED_OBJC_IMPLEMENTATIONS = YES;
				CLANG_WARN_DIRECT_OBJC_ISA_USAGE = YES_ERROR;
				CLANG_WARN_DOCUMENTATION_COMMENTS = YES;
				CLANG_WARN_EMPTY_BODY = YES;
				CLANG_WARN_ENUM_CONVERSION = YES;
				CLANG_WARN_INFINITE_RECURSION = YES;
				CLANG_WARN_INT_CONVERSION = YES;
				CLANG_WARN_NON_LITERAL_NULL_CONVERSION = YES;
				CLANG_WARN_OBJC_IMPLICIT_RETAIN_SELF = YES;
				CLANG_WARN_OBJC_LITERAL_CONVERSION = YES;
				CLANG_WARN_OBJC_ROOT_CLASS = YES_ERROR;
				CLANG_WARN_QUOTED_INCLUDE_IN_FRAMEWORK_HEADER = YES;
				CLANG_WARN_RANGE_LOOP_ANALYSIS = YES;
				CLANG_WARN_STRICT_PROTOTYPES = YES;
				CLANG_WARN_SUSPICIOUS_MOVE = YES;
				CLANG_WARN_UNGUARDED_AVAILABILITY = YES_AGGRESSIVE;
				CLANG_WARN_UNREACHABLE_CODE = YES;
				CLANG_WARN__DUPLICATE_METHOD_MATCH = YES;
				COPY_PHASE_STRIP = NO;
				DEBUG_INFORMATION_FORMAT = "dwarf-with-dsym";
				ENABLE_NS_ASSERTIONS = NO;
				ENABLE_STRICT_OBJC_MSGSEND = YES;
				GCC_C_LANGUAGE_STANDARD = gnu11;
				GCC_NO_COMMON_BLOCKS = YES;
				GCC_WARN_64_TO_32_BIT_CONVERSION = YES;
				GCC_WARN_ABOUT_RETURN_TYPE = YES_ERROR;
				GCC_WARN_UNDECLARED_SELECTOR = YES;
				GCC_WARN_UNINITIALIZED_AUTOS = YES_AGGRESSIVE;
				GCC_WARN_UNUSED_FUNCTION = YES;
				GCC_WARN_UNUSED_VARIABLE = YES;
				IPHONEOS_DEPLOYMENT_TARGET = 15.2;
				MTL_ENABLE_DEBUG_INFO = NO;
				MTL_FAST_MATH = YES;
				SDKROOT = iphoneos;
				SWIFT_COMPILATION_MODE = wholemodule;
				SWIFT_OPTIMIZATION_LEVEL = "-O";
				VALIDATE_PRODUCT = YES;
			};
			name = Release;
		};
		2CD2880D279670840003E968 /* Debug */ = {
			isa = XCBuildConfiguration;
			buildSettings = {
				ASSETCATALOG_COMPILER_APPICON_NAME = AppIcon;
				ASSETCATALOG_COMPILER_GLOBAL_ACCENT_COLOR_NAME = AccentColor;
				CODE_SIGN_STYLE = Automatic;
				CURRENT_PROJECT_VERSION = 1;
				GENERATE_INFOPLIST_FILE = YES;
				INFOPLIST_FILE = Library/Info.plist;
				INFOPLIST_KEY_UIApplicationSupportsIndirectInputEvents = YES;
				INFOPLIST_KEY_UILaunchStoryboardName = LaunchScreen;
				INFOPLIST_KEY_UIMainStoryboardFile = Main;
				INFOPLIST_KEY_UISupportedInterfaceOrientations_iPad = "UIInterfaceOrientationPortrait UIInterfaceOrientationPortraitUpsideDown UIInterfaceOrientationLandscapeLeft UIInterfaceOrientationLandscapeRight";
				INFOPLIST_KEY_UISupportedInterfaceOrientations_iPhone = "UIInterfaceOrientationPortrait UIInterfaceOrientationLandscapeLeft UIInterfaceOrientationLandscapeRight";
				IPHONEOS_DEPLOYMENT_TARGET = 12.0;
				LD_RUNPATH_SEARCH_PATHS = (
					"$(inherited)",
					"@executable_path/Frameworks",
				);
				MARKETING_VERSION = 1.0;
				PRODUCT_BUNDLE_IDENTIFIER = yourcompanyname.Library;
				PRODUCT_NAME = "$(TARGET_NAME)";
				SWIFT_EMIT_LOC_STRINGS = YES;
				SWIFT_VERSION = 5.0;
				TARGETED_DEVICE_FAMILY = "1,2";
			};
			name = Debug;
		};
		2CD2880E279670840003E968 /* Release */ = {
			isa = XCBuildConfiguration;
			buildSettings = {
				ASSETCATALOG_COMPILER_APPICON_NAME = AppIcon;
				ASSETCATALOG_COMPILER_GLOBAL_ACCENT_COLOR_NAME = AccentColor;
				CODE_SIGN_STYLE = Automatic;
				CURRENT_PROJECT_VERSION = 1;
				GENERATE_INFOPLIST_FILE = YES;
				INFOPLIST_FILE = Library/Info.plist;
				INFOPLIST_KEY_UIApplicationSupportsIndirectInputEvents = YES;
				INFOPLIST_KEY_UILaunchStoryboardName = LaunchScreen;
				INFOPLIST_KEY_UIMainStoryboardFile = Main;
				INFOPLIST_KEY_UISupportedInterfaceOrientations_iPad = "UIInterfaceOrientationPortrait UIInterfaceOrientationPortraitUpsideDown UIInterfaceOrientationLandscapeLeft UIInterfaceOrientationLandscapeRight";
				INFOPLIST_KEY_UISupportedInterfaceOrientations_iPhone = "UIInterfaceOrientationPortrait UIInterfaceOrientationLandscapeLeft UIInterfaceOrientationLandscapeRight";
				IPHONEOS_DEPLOYMENT_TARGET = 12.0;
				LD_RUNPATH_SEARCH_PATHS = (
					"$(inherited)",
					"@executable_path/Frameworks",
				);
				MARKETING_VERSION = 1.0;
				PRODUCT_BUNDLE_IDENTIFIER = yourcompanyname.Library;
				PRODUCT_NAME = "$(TARGET_NAME)";
				SWIFT_EMIT_LOC_STRINGS = YES;
				SWIFT_VERSION = 5.0;
				TARGETED_DEVICE_FAMILY = "1,2";
			};
			name = Release;
		};
/* End XCBuildConfiguration section */

/* Begin XCConfigurationList section */
		2CD287F3279670820003E968 /* Build configuration list for PBXProject "Library" */ = {
			isa = XCConfigurationList;
			buildConfigurations = (
				2CD2880A279670840003E968 /* Debug */,
				2CD2880B279670840003E968 /* Release */,
			);
			defaultConfigurationIsVisible = 0;
			defaultConfigurationName = Release;
		};
		2CD2880C279670840003E968 /* Build configuration list for PBXNativeTarget "Library" */ = {
			isa = XCConfigurationList;
			buildConfigurations = (
				2CD2880D279670840003E968 /* Debug */,
				2CD2880E279670840003E968 /* Release */,
			);
			defaultConfigurationIsVisible = 0;
			defaultConfigurationName = Release;
		};
/* End XCConfigurationList section */
	};
	rootObject = 2CD287F0279670820003E968 /* Project object */;
}
